
Microsoft Visual Studio Solution File, Format Version 12.00
# Visual Studio Version 17
VisualStudioVersion = 17.7.34024.191
MinimumVisualStudioVersion = 10.0.40219.1
Project("{FAE04EC0-301F-11D3-BF4B-00C04F79EFBC}") = "IdentifiableObject", "IdentifiableObject.csproj", "{8546477D-4187-4E03-BEE1-33E2C89D4772}"
EndProject
Project("{FAE04EC0-301F-11D3-BF4B-00C04F79EFBC}") = "IdentifiableTesting", "..\IdentifiableTesting\IdentifiableTesting.csproj", "{F66A1F18-676C-46F8-82E3-359C88C2A35A}"
EndProject
Global
	GlobalSection(SolutionConfigurationPlatforms) = preSolution
		Debug|Any CPU = Debug|Any CPU
		Release|Any CPU = Release|Any CPU
	EndGlobalSection
	GlobalSection(ProjectConfigurationPlatforms) = postSolution
		{8546477D-4187-4E03-BEE1-33E2C89D4772}.Debug|Any CPU.ActiveCfg = Debug|Any CPU
		{8546477D-4187-4E03-BEE1-33E2C89D4772}.Debug|Any CPU.Build.0 = Debug|Any CPU
		{8546477D-4187-4E03-BEE1-33E2C89D4772}.Release|Any CPU.ActiveCfg = Release|Any CPU
		{8546477D-4187-4E03-BEE1-33E2C89D4772}.Release|Any CPU.Build.0 = Release|Any CPU
		{F66A1F18-676C-46F8-82E3-359C88C2A35A}.Debug|Any CPU.ActiveCfg = Debug|Any CPU
		{F66A1F18-676C-46F8-82E3-359C88C2A35A}.Debug|Any CPU.Build.0 = Debug|Any CPU
		{F66A1F18-676C-46F8-82E3-359C88C2A35A}.Release|Any CPU.ActiveCfg = Release|Any CPU
		{F66A1F18-676C-46F8-82E3-359C88C2A35A}.Release|Any CPU.Build.0 = Release|Any CPU
	EndGlobalSection
	GlobalSection(SolutionProperties) = preSolution
		HideSolutionNode = FALSE
	EndGlobalSection
	GlobalSection(ExtensibilityGlobals) = postSolution
		SolutionGuid = {C47ADB53-ADD4-4170-803D-AFA1D08B9A43}
	EndGlobalSection
EndGlobal
