
Microsoft Visual Studio Solution File, Format Version 12.00
# Visual Studio Version 17
VisualStudioVersion = 17.7.34024.191
MinimumVisualStudioVersion = 10.0.40219.1
Project("{9A19103F-16F7-4668-BE54-9A1E7A4F7556}") = "week2", "week2.csproj", "{9B5EF176-A21C-4621-A564-8CEEB02C10AF}"
EndProject
Global
	GlobalSection(SolutionConfigurationPlatforms) = preSolution
		Debug|Any CPU = Debug|Any CPU
		Release|Any CPU = Release|Any CPU
	EndGlobalSection
	GlobalSection(ProjectConfigurationPlatforms) = postSolution
		{9B5EF176-A21C-4621-A564-8CEEB02C10AF}.Debug|Any CPU.ActiveCfg = Debug|Any CPU
		{9B5EF176-A21C-4621-A564-8CEEB02C10AF}.Debug|Any CPU.Build.0 = Debug|Any CPU
		{9B5EF176-A21C-4621-A564-8CEEB02C10AF}.Release|Any CPU.ActiveCfg = Release|Any CPU
		{9B5EF176-A21C-4621-A564-8CEEB02C10AF}.Release|Any CPU.Build.0 = Release|Any CPU
	EndGlobalSection
	GlobalSection(SolutionProperties) = preSolution
		HideSolutionNode = FALSE
	EndGlobalSection
	GlobalSection(ExtensibilityGlobals) = postSolution
		SolutionGuid = {47C43A1C-0C77-4FE4-A444-B67E85AC8600}
	EndGlobalSection
EndGlobal
