
Microsoft Visual Studio Solution File, Format Version 12.00
# Visual Studio Version 17
VisualStudioVersion = 17.7.34024.191
MinimumVisualStudioVersion = 10.0.40219.1
Project("{9A19103F-16F7-4668-BE54-9A1E7A4F7556}") = "CounterTask", "CounterTask.csproj", "{CE2814D6-DDB8-4F0C-96CC-605B8D23A922}"
EndProject
Project("{FAE04EC0-301F-11D3-BF4B-00C04F79EFBC}") = "TestProject1", "TestProject1\TestProject1.csproj", "{697C4009-C053-40C9-B7D0-1FAC49EEF133}"
EndProject
Global
	GlobalSection(SolutionConfigurationPlatforms) = preSolution
		Debug|Any CPU = Debug|Any CPU
		Release|Any CPU = Release|Any CPU
	EndGlobalSection
	GlobalSection(ProjectConfigurationPlatforms) = postSolution
		{CE2814D6-DDB8-4F0C-96CC-605B8D23A922}.Debug|Any CPU.ActiveCfg = Debug|Any CPU
		{CE2814D6-DDB8-4F0C-96CC-605B8D23A922}.Debug|Any CPU.Build.0 = Debug|Any CPU
		{CE2814D6-DDB8-4F0C-96CC-605B8D23A922}.Release|Any CPU.ActiveCfg = Release|Any CPU
		{CE2814D6-DDB8-4F0C-96CC-605B8D23A922}.Release|Any CPU.Build.0 = Release|Any CPU
		{697C4009-C053-40C9-B7D0-1FAC49EEF133}.Debug|Any CPU.ActiveCfg = Debug|Any CPU
		{697C4009-C053-40C9-B7D0-1FAC49EEF133}.Debug|Any CPU.Build.0 = Debug|Any CPU
		{697C4009-C053-40C9-B7D0-1FAC49EEF133}.Release|Any CPU.ActiveCfg = Release|Any CPU
		{697C4009-C053-40C9-B7D0-1FAC49EEF133}.Release|Any CPU.Build.0 = Release|Any CPU
	EndGlobalSection
	GlobalSection(SolutionProperties) = preSolution
		HideSolutionNode = FALSE
	EndGlobalSection
	GlobalSection(ExtensibilityGlobals) = postSolution
		SolutionGuid = {118BBBE5-A631-43A9-9B36-9114AAAD8406}
	EndGlobalSection
EndGlobal
