
Microsoft Visual Studio Solution File, Format Version 12.00
# Visual Studio Version 17
VisualStudioVersion = 17.7.34024.191
MinimumVisualStudioVersion = 10.0.40219.1
Project("{FAE04EC0-301F-11D3-BF4B-00C04F79EFBC}") = "In_class_Week5", "In_class_Week5\In_class_Week5.csproj", "{293A7FC0-9696-44C7-8AC0-C8CA7B98F54E}"
EndProject
Global
	GlobalSection(SolutionConfigurationPlatforms) = preSolution
		Debug|Any CPU = Debug|Any CPU
		Release|Any CPU = Release|Any CPU
	EndGlobalSection
	GlobalSection(ProjectConfigurationPlatforms) = postSolution
		{293A7FC0-9696-44C7-8AC0-C8CA7B98F54E}.Debug|Any CPU.ActiveCfg = Debug|Any CPU
		{293A7FC0-9696-44C7-8AC0-C8CA7B98F54E}.Debug|Any CPU.Build.0 = Debug|Any CPU
		{293A7FC0-9696-44C7-8AC0-C8CA7B98F54E}.Release|Any CPU.ActiveCfg = Release|Any CPU
		{293A7FC0-9696-44C7-8AC0-C8CA7B98F54E}.Release|Any CPU.Build.0 = Release|Any CPU
	EndGlobalSection
	GlobalSection(SolutionProperties) = preSolution
		HideSolutionNode = FALSE
	EndGlobalSection
	GlobalSection(ExtensibilityGlobals) = postSolution
		SolutionGuid = {AC18A17A-A418-4BCA-A405-4F18991DC170}
	EndGlobalSection
EndGlobal
