
Microsoft Visual Studio Solution File, Format Version 12.00
# Visual Studio Version 17
VisualStudioVersion = 17.7.34024.191
MinimumVisualStudioVersion = 10.0.40219.1
Project("{FAE04EC0-301F-11D3-BF4B-00C04F79EFBC}") = "Monopoly", "Monopoly.csproj", "{0DDAB93C-8B73-4B89-98DF-815D14E14E34}"
EndProject
Global
	GlobalSection(SolutionConfigurationPlatforms) = preSolution
		Debug|Any CPU = Debug|Any CPU
		Release|Any CPU = Release|Any CPU
	EndGlobalSection
	GlobalSection(ProjectConfigurationPlatforms) = postSolution
		{0DDAB93C-8B73-4B89-98DF-815D14E14E34}.Debug|Any CPU.ActiveCfg = Debug|Any CPU
		{0DDAB93C-8B73-4B89-98DF-815D14E14E34}.Debug|Any CPU.Build.0 = Debug|Any CPU
		{0DDAB93C-8B73-4B89-98DF-815D14E14E34}.Release|Any CPU.ActiveCfg = Release|Any CPU
		{0DDAB93C-8B73-4B89-98DF-815D14E14E34}.Release|Any CPU.Build.0 = Release|Any CPU
	EndGlobalSection
	GlobalSection(SolutionProperties) = preSolution
		HideSolutionNode = FALSE
	EndGlobalSection
	GlobalSection(ExtensibilityGlobals) = postSolution
		SolutionGuid = {42E62748-5F1C-4EAF-97FA-878D83993F2E}
	EndGlobalSection
EndGlobal
